version = 1
revision = 1
requires-python = ">=3.12"

[[package]]
name = "pydot"
version = "4.0.0"
source = { registry = "https://pypi.org/simple" }
dependencies = [
    { name = "pyparsing" },
]
sdist = { url = "https://files.pythonhosted.org/packages/d1/c3/6034ed1ebf2e3ba95a0e35fa7c43104e40444c0ed2b5325702c63e824dbf/pydot-4.0.0.tar.gz", hash = "sha256:12f16493337cade2f7631b87c8ccd299ba2e251f3ee5d0732a058df2887afe97", size = 161793 }
wheels = [
    { url = "https://files.pythonhosted.org/packages/0a/16/984c0cf5073a23154b1f95c9d131b14c9fea83bfadae4ba8fc169daded11/pydot-4.0.0-py3-none-any.whl", hash = "sha256:cf86e13a6cfe2a96758a9702537f77e0ac1368db8ef277b4d3b34473ea425c97", size = 37535 },
]

[[package]]
name = "pyparsing"
version = "3.2.3"
source = { registry = "https://pypi.org/simple" }
sdist = { url = "https://files.pythonhosted.org/packages/bb/22/f1129e69d94ffff626bdb5c835506b3a5b4f3d070f17ea295e12c2c6f60f/pyparsing-3.2.3.tar.gz", hash = "sha256:b9c13f1ab8b3b542f72e28f634bad4de758ab3ce4546e4301970ad6fa77c38be", size = 1088608 }
wheels = [
    { url = "https://files.pythonhosted.org/packages/05/e7/df2285f3d08fee213f2d041540fa4fc9ca6c2d44cf36d3a035bf2a8d2bcc/pyparsing-3.2.3-py3-none-any.whl", hash = "sha256:a749938e02d6fd0b59b356ca504a24982314bb090c383e3cf201c95ef7e2bfcf", size = 111120 },
]

[[package]]
name = "six"
version = "1.17.0"
source = { registry = "https://pypi.org/simple" }
sdist = { url = "https://files.pythonhosted.org/packages/94/e7/b2c673351809dca68a0e064b6af791aa332cf192da575fd474ed7d6f16a2/six-1.17.0.tar.gz", hash = "sha256:ff70335d468e7eb6ec65b95b99d3a2836546063f63acc5171de367e834932a81", size = 34031 }
wheels = [
    { url = "https://files.pythonhosted.org/packages/b7/ce/149a00dd41f10bc29e5921b496af8b574d8413afcd5e30dfa0ed46c2cc5e/six-1.17.0-py2.py3-none-any.whl", hash = "sha256:4721f391ed90541fddacab5acf947aa0d3dc7d27b2e1e8eda2be8970586c3274", size = 11050 },
]

[[package]]
name = "ted"
version = "0.1.0"
source = { virtual = "." }
dependencies = [
    { name = "pydot" },
    { name = "zss" },
]

[package.metadata]
requires-dist = [
    { name = "pydot", specifier = ">=4.0.0" },
    { name = "zss", specifier = ">=1.2.0" },
]

[[package]]
name = "zss"
version = "1.2.0"
source = { registry = "https://pypi.org/simple" }
dependencies = [
    { name = "six" },
]
sdist = { url = "https://files.pythonhosted.org/packages/1e/d1/ed34d12f55d07cc1efb61d74fb2f64f46a705557f5bdd1ef1b810f0e2ec5/zss-1.2.0.tar.gz", hash = "sha256:07bb937441929ccb82961f4f7b80fbce9e2b20d0e46ddcbcbc1fcb094f585b50", size = 9790 }
